
Microsoft Visual Studio Solution File, Format Version 12.00
Project("{FAE04EC0-301F-11D3-BF4B-00C04F79EFBC}") = "PRReviewAgent", "PRReviewAgent\PRReviewAgent.csproj", "{08100AA9-4BA4-462E-AE36-E160B9356061}"
EndProject
Global
	GlobalSection(SolutionConfigurationPlatforms) = preSolution
		Debug|Any CPU = Debug|Any CPU
		Release|Any CPU = Release|Any CPU
	EndGlobalSection
	GlobalSection(ProjectConfigurationPlatforms) = postSolution
		{08100AA9-4BA4-462E-AE36-E160B9356061}.Debug|Any CPU.ActiveCfg = Debug|Any CPU
		{08100AA9-4BA4-462E-AE36-E160B9356061}.Debug|Any CPU.Build.0 = Debug|Any CPU
		{08100AA9-4BA4-462E-AE36-E160B9356061}.Release|Any CPU.ActiveCfg = Release|Any CPU
		{08100AA9-4BA4-462E-AE36-E160B9356061}.Release|Any CPU.Build.0 = Release|Any CPU
	EndGlobalSection
EndGlobal
